<Solution>
  <Folder Name="/src/">
    <Project Path="src/CoEngine.Api/CoEngine.Api.csproj" />
    <Project Path="src/CoEngine.Client/CoEngine.Client.csproj" />
    <Project Path="src/CoEngine.Shared/CoEngine.Shared.csproj" />
  </Folder>
  <Folder Name="/tests/">
    <Project Path="tests/CoEngine.Tests/CoEngine.Tests.csproj" />
  </Folder>
</Solution>
